# This file is autogenerated, do not edit; changes may be undone by the next 'dep ensure'.


[[projects]]
  name = "github.com/beevik/etree"
  packages = ["."]
  revision = "15a30b44cfd6c5a16a7ddfe271bf146aaf2d3195"
  version = "v1.0.0"

[[projects]]
  name = "github.com/pkg/errors"
  packages = ["."]
  revision = "645ef00459ed84a119197bfb8d8205042c6df63d"
  version = "v0.8.0"

[solve-meta]
  analyzer-name = "dep"
  analyzer-version = 1
  inputs-digest = "4fde29a69f3ccdcca4c1852b5c58e6f4391d0c39422d74b88fcaefbd8fe8329b"
  solver-name = "gps-cdcl"
  solver-version = 1
